
Microsoft Visual Studio Solution File, Format Version 12.00
# Visual Studio Version 17
VisualStudioVersion = 17.8.34330.188
MinimumVisualStudioVersion = 10.0.40219.1
Project("{FAE04EC0-301F-11D3-BF4B-00C04F79EFBC}") = "RazorPagesMovie", "RazorPagesMovie\RazorPagesMovie.csproj", "{1F735F7D-E308-482C-8E20-8290E35D7496}"
EndProject
Global
	GlobalSection(SolutionConfigurationPlatforms) = preSolution
		Debug|Any CPU = Debug|Any CPU
		Release|Any CPU = Release|Any CPU
	EndGlobalSection
	GlobalSection(ProjectConfigurationPlatforms) = postSolution
		{1F735F7D-E308-482C-8E20-8290E35D7496}.Debug|Any CPU.ActiveCfg = Debug|Any CPU
		{1F735F7D-E308-482C-8E20-8290E35D7496}.Debug|Any CPU.Build.0 = Debug|Any CPU
		{1F735F7D-E308-482C-8E20-8290E35D7496}.Release|Any CPU.ActiveCfg = Release|Any CPU
		{1F735F7D-E308-482C-8E20-8290E35D7496}.Release|Any CPU.Build.0 = Release|Any CPU
	EndGlobalSection
	GlobalSection(SolutionProperties) = preSolution
		HideSolutionNode = FALSE
	EndGlobalSection
	GlobalSection(ExtensibilityGlobals) = postSolution
		SolutionGuid = {E37E228C-6C0B-4479-908C-838480E5214A}
	EndGlobalSection
EndGlobal
